
Microsoft Visual Studio Solution File, Format Version 12.00
# Visual Studio Version 16
VisualStudioVersion = 16.0.31727.386
MinimumVisualStudioVersion = 10.0.40219.1
Project("{9A19103F-16F7-4668-BE54-9A1E7A4F7556}") = "Repository", "Repository\Repository.csproj", "{7B41C68C-6446-449C-856B-A991F4C28B06}"
EndProject
Project("{9A19103F-16F7-4668-BE54-9A1E7A4F7556}") = "DeploymentManualRazor", "DeploymentManualRazor\DeploymentManualRazor.csproj", "{58736056-863C-4696-9132-053EADA726CC}"
EndProject
Project("{2150E333-8FDC-42A3-9474-1A3956D46DE8}") = "Data", "Data", "{4D2369F4-F491-4AFA-AD75-490F56B441E6}"
EndProject
Project("{FAE04EC0-301F-11D3-BF4B-00C04F79EFBC}") = "DeploymentManualAPI", "DeploymentManualAPI\DeploymentManualAPI.csproj", "{454DC72E-226E-4816-AF9C-62E44840B085}"
EndProject
Global
	GlobalSection(SolutionConfigurationPlatforms) = preSolution
		Debug|Any CPU = Debug|Any CPU
		Release|Any CPU = Release|Any CPU
	EndGlobalSection
	GlobalSection(ProjectConfigurationPlatforms) = postSolution
		{7B41C68C-6446-449C-856B-A991F4C28B06}.Debug|Any CPU.ActiveCfg = Debug|Any CPU
		{7B41C68C-6446-449C-856B-A991F4C28B06}.Debug|Any CPU.Build.0 = Debug|Any CPU
		{7B41C68C-6446-449C-856B-A991F4C28B06}.Release|Any CPU.ActiveCfg = Release|Any CPU
		{7B41C68C-6446-449C-856B-A991F4C28B06}.Release|Any CPU.Build.0 = Release|Any CPU
		{58736056-863C-4696-9132-053EADA726CC}.Debug|Any CPU.ActiveCfg = Debug|Any CPU
		{58736056-863C-4696-9132-053EADA726CC}.Debug|Any CPU.Build.0 = Debug|Any CPU
		{58736056-863C-4696-9132-053EADA726CC}.Release|Any CPU.ActiveCfg = Release|Any CPU
		{58736056-863C-4696-9132-053EADA726CC}.Release|Any CPU.Build.0 = Release|Any CPU
		{454DC72E-226E-4816-AF9C-62E44840B085}.Debug|Any CPU.ActiveCfg = Debug|Any CPU
		{454DC72E-226E-4816-AF9C-62E44840B085}.Debug|Any CPU.Build.0 = Debug|Any CPU
		{454DC72E-226E-4816-AF9C-62E44840B085}.Release|Any CPU.ActiveCfg = Release|Any CPU
		{454DC72E-226E-4816-AF9C-62E44840B085}.Release|Any CPU.Build.0 = Release|Any CPU
	EndGlobalSection
	GlobalSection(SolutionProperties) = preSolution
		HideSolutionNode = FALSE
	EndGlobalSection
	GlobalSection(NestedProjects) = preSolution
		{7B41C68C-6446-449C-856B-A991F4C28B06} = {4D2369F4-F491-4AFA-AD75-490F56B441E6}
	EndGlobalSection
	GlobalSection(ExtensibilityGlobals) = postSolution
		SolutionGuid = {5B96EA65-6E54-422B-A9E7-7BA154BE3F2E}
	EndGlobalSection
EndGlobal
